// !$*UTF8*$!
{
	archiveVersion = 1;
	classes = {
	};
	objectVersion = 46;
	objects = {

/* Begin PBXBuildFile section */
		F2DFB5071F7167DF00F1B67D /* AppDelegate.swift in Sources */ = {isa = PBXBuildFile; fileRef = F2DFB5061F7167DF00F1B67D /* AppDelegate.swift */; };
		F2DFB5091F7167DF00F1B67D /* ViewController.swift in Sources */ = {isa = PBXBuildFile; fileRef = F2DFB5081F7167DF00F1B67D /* ViewController.swift */; };
		F2DFB50C1F7167DF00F1B67D /* Main.storyboard in Resources */ = {isa = PBXBuildFile; fileRef = F2DFB50A1F7167DF00F1B67D /* Main.storyboard */; };
		F2DFB50E1F7167DF00F1B67D /* Assets.xcassets in Resources */ = {isa = PBXBuildFile; fileRef = F2DFB50D1F7167DF00F1B67D /* Assets.xcassets */; };
		F2DFB5111F7167DF00F1B67D /* LaunchScreen.storyboard in Resources */ = {isa = PBXBuildFile; fileRef = F2DFB50F1F7167DF00F1B67D /* LaunchScreen.storyboard */; };
		F2DFB5191F71694E00F1B67D /* images.jpeg in Resources */ = {isa = PBXBuildFile; fileRef = F2DFB5181F71694E00F1B67D /* images.jpeg */; };
/* End PBXBuildFile section */

/* Begin PBXFileReference section */
		F2DFB5031F7167DF00F1B67D /* Dice game.app */ = {isa = PBXFileReference; explicitFileType = wrapper.application; includeInIndex = 0; path = "Dice game.app"; sourceTree = BUILT_PRODUCTS_DIR; };
		F2DFB5061F7167DF00F1B67D /* AppDelegate.swift */ = {isa = PBXFileReference; lastKnownFileType = sourcecode.swift; path = AppDelegate.swift; sourceTree = "<group>"; };
		F2DFB5081F7167DF00F1B67D /* ViewController.swift */ = {isa = PBXFileReference; lastKnownFileType = sourcecode.swift; path = ViewController.swift; sourceTree = "<group>"; };
		F2DFB50B1F7167DF00F1B67D /* Base */ = {isa = PBXFileReference; lastKnownFileType = file.storyboard; name = Base; path = Base.lproj/Main.storyboard; sourceTree = "<group>"; };
		F2DFB50D1F7167DF00F1B67D /* Assets.xcassets */ = {isa = PBXFileReference; lastKnownFileType = folder.assetcatalog; path = Assets.xcassets; sourceTree = "<group>"; };
		F2DFB5101F7167DF00F1B67D /* Base */ = {isa = PBXFileReference; lastKnownFileType = file.storyboard; name = Base; path = Base.lproj/LaunchScreen.storyboard; sourceTree = "<group>"; };
		F2DFB5121F7167DF00F1B67D /* Info.plist */ = {isa = PBXFileReference; lastKnownFileType = text.plist.xml; path = Info.plist; sourceTree = "<group>"; };
		F2DFB5181F71694E00F1B67D /* images.jpeg */ = {isa = PBXFileReference; lastKnownFileType = image.jpeg; name = images.jpeg; path = ../../images.jpeg; sourceTree = "<group>"; };
/* End PBXFileReference section */

/* Begin PBXFrameworksBuildPhase section */
		F2DFB5001F7167DF00F1B67D /* Frameworks */ = {
			isa = PBXFrameworksBuildPhase;
			buildActionMask = 2147483647;
			files = (
			);
			runOnlyForDeploymentPostprocessing = 0;
		};
/* End PBXFrameworksBuildPhase section */

/* Begin PBXGroup section */
		F2DFB4FA1F7167DF00F1B67D = {
			isa = PBXGroup;
			children = (
				F2DFB5051F7167DF00F1B67D /* Dice game */,
				F2DFB5041F7167DF00F1B67D /* Products */,
			);
			sourceTree = "<group>";
		};
		F2DFB5041F7167DF00F1B67D /* Products */ = {
			isa = PBXGroup;
			children = (
				F2DFB5031F7167DF00F1B67D /* Dice game.app */,
			);
			name = Products;
			sourceTree = "<group>";
		};
		F2DFB5051F7167DF00F1B67D /* Dice game */ = {
			isa = PBXGroup;
			children = (
				F2DFB5061F7167DF00F1B67D /* AppDelegate.swift */,
				F2DFB5081F7167DF00F1B67D /* ViewController.swift */,
				F2DFB50A1F7167DF00F1B67D /* Main.storyboard */,
				F2DFB50D1F7167DF00F1B67D /* Assets.xcassets */,
				F2DFB5181F71694E00F1B67D /* images.jpeg */,
				F2DFB50F1F7167DF00F1B67D /* LaunchScreen.storyboard */,
				F2DFB5121F7167DF00F1B67D /* Info.plist */,
			);
			path = "Dice game";
			sourceTree = "<group>";
		};
/* End PBXGroup section */

/* Begin PBXNativeTarget section */
		F2DFB5021F7167DF00F1B67D /* Dice game */ = {
			isa = PBXNativeTarget;
			buildConfigurationList = F2DFB5151F7167DF00F1B67D /* Build configuration list for PBXNativeTarget "Dice game" */;
			buildPhases = (
				F2DFB4FF1F7167DF00F1B67D /* Sources */,
				F2DFB5001F7167DF00F1B67D /* Frameworks */,
				F2DFB5011F7167DF00F1B67D /* Resources */,
			);
			buildRules = (
			);
			dependencies = (
			);
			name = "Dice game";
			productName = "Dice game";
			productReference = F2DFB5031F7167DF00F1B67D /* Dice game.app */;
			productType = "com.apple.product-type.application";
		};
/* End PBXNativeTarget section */

/* Begin PBXProject section */
		F2DFB4FB1F7167DF00F1B67D /* Project object */ = {
			isa = PBXProject;
			attributes = {
				LastSwiftUpdateCheck = 0830;
				LastUpgradeCheck = 0830;
				ORGANIZATIONNAME = "Richard Zhang";
				TargetAttributes = {
					F2DFB5021F7167DF00F1B67D = {
						CreatedOnToolsVersion = 8.3.3;
						DevelopmentTeam = PRM8PEPW8J;
						ProvisioningStyle = Automatic;
					};
				};
			};
			buildConfigurationList = F2DFB4FE1F7167DF00F1B67D /* Build configuration list for PBXProject "Dice game" */;
			compatibilityVersion = "Xcode 3.2";
			developmentRegion = English;
			hasScannedForEncodings = 0;
			knownRegions = (
				en,
				Base,
			);
			mainGroup = F2DFB4FA1F7167DF00F1B67D;
			productRefGroup = F2DFB5041F7167DF00F1B67D /* Products */;
			projectDirPath = "";
			projectRoot = "";
			targets = (
				F2DFB5021F7167DF00F1B67D /* Dice game */,
			);
		};
/* End PBXProject section */

/* Begin PBXResourcesBuildPhase section */
		F2DFB5011F7167DF00F1B67D /* Resources */ = {
			isa = PBXResourcesBuildPhase;
			buildActionMask = 2147483647;
			files = (
				F2DFB5111F7167DF00F1B67D /* LaunchScreen.storyboard in Resources */,
				F2DFB5191F71694E00F1B67D /* images.jpeg in Resources */,
				F2DFB50E1F7167DF00F1B67D /* Assets.xcassets in Resources */,
				F2DFB50C1F7167DF00F1B67D /* Main.storyboard in Resources */,
			);
			runOnlyForDeploymentPostprocessing = 0;
		};
/* End PBXResourcesBuildPhase section */

/* Begin PBXSourcesBuildPhase section */
		F2DFB4FF1F7167DF00F1B67D /* Sources */ = {
			isa = PBXSourcesBuildPhase;
			buildActionMask = 2147483647;
			files = (
				F2DFB5091F7167DF00F1B67D /* ViewController.swift in Sources */,
				F2DFB5071F7167DF00F1B67D /* AppDelegate.swift in Sources */,
			);
			runOnlyForDeploymentPostprocessing = 0;
		};
/* End PBXSourcesBuildPhase section */

/* Begin PBXVariantGroup section */
		F2DFB50A1F7167DF00F1B67D /* Main.storyboard */ = {
			isa = PBXVariantGroup;
			children = (
				F2DFB50B1F7167DF00F1B67D /* Base */,
			);
			name = Main.storyboard;
			sourceTree = "<group>";
		};
		F2DFB50F1F7167DF00F1B67D /* LaunchScreen.storyboard */ = {
			isa = PBXVariantGroup;
			children = (
				F2DFB5101F7167DF00F1B67D /* Base */,
			);
			name = LaunchScreen.storyboard;
			sourceTree = "<group>";
		};
/* End PBXVariantGroup section */

/* Begin XCBuildConfiguration section */
		F2DFB5131F7167DF00F1B67D /* Debug */ = {
			isa = XCBuildConfiguration;
			buildSettings = {
				ALWAYS_SEARCH_USER_PATHS = NO;
				CLANG_ANALYZER_NONNULL = YES;
				CLANG_ANALYZER_NUMBER_OBJECT_CONVERSION = YES_AGGRESSIVE;
				CLANG_CXX_LANGUAGE_STANDARD = "gnu++0x";
				CLANG_CXX_LIBRARY = "libc++";
				CLANG_ENABLE_MODULES = YES;
				CLANG_ENABLE_OBJC_ARC = YES;
				CLANG_WARN_BOOL_CONVERSION = YES;
				CLANG_WARN_CONSTANT_CONVERSION = YES;
				CLANG_WARN_DIRECT_OBJC_ISA_USAGE = YES_ERROR;
				CLANG_WARN_DOCUMENTATION_COMMENTS = YES;
				CLANG_WARN_EMPTY_BODY = YES;
				CLANG_WARN_ENUM_CONVERSION = YES;
				CLANG_WARN_INFINITE_RECURSION = YES;
				CLANG_WARN_INT_CONVERSION = YES;
				CLANG_WARN_OBJC_ROOT_CLASS = YES_ERROR;
				CLANG_WARN_SUSPICIOUS_MOVE = YES;
				CLANG_WARN_UNREACHABLE_CODE = YES;
				CLANG_WARN__DUPLICATE_METHOD_MATCH = YES;
				"CODE_SIGN_IDENTITY[sdk=iphoneos*]" = "iPhone Developer";
				COPY_PHASE_STRIP = NO;
				DEBUG_INFORMATION_FORMAT = dwarf;
				ENABLE_STRICT_OBJC_MSGSEND = YES;
				ENABLE_TESTABILITY = YES;
				GCC_C_LANGUAGE_STANDARD = gnu99;
				GCC_DYNAMIC_NO_PIC = NO;
				GCC_NO_COMMON_BLOCKS = YES;
				GCC_OPTIMIZATION_LEVEL = 0;
				GCC_PREPROCESSOR_DEFINITIONS = (
					"DEBUG=1",
					"$(inherited)",
				);
				GCC_WARN_64_TO_32_BIT_CONVERSION = YES;
				GCC_WARN_ABOUT_RETURN_TYPE = YES_ERROR;
				GCC_WARN_UNDECLARED_SELECTOR = YES;
				GCC_WARN_UNINITIALIZED_AUTOS = YES_AGGRESSIVE;
				GCC_WARN_UNUSED_FUNCTION = YES;
				GCC_WARN_UNUSED_VARIABLE = YES;
				IPHONEOS_DEPLOYMENT_TARGET = 10.3;
				MTL_ENABLE_DEBUG_INFO = YES;
				ONLY_ACTIVE_ARCH = YES;
				SDKROOT = iphoneos;
				SWIFT_ACTIVE_COMPILATION_CONDITIONS = DEBUG;
				SWIFT_OPTIMIZATION_LEVEL = "-Onone";
				TARGETED_DEVICE_FAMILY = "1,2";
			};
			name = Debug;
		};
		F2DFB5141F7167DF00F1B67D /* Release */ = {
			isa = XCBuildConfiguration;
			buildSettings = {
				ALWAYS_SEARCH_USER_PATHS = NO;
				CLANG_ANALYZER_NONNULL = YES;
				CLANG_ANALYZER_NUMBER_OBJECT_CONVERSION = YES_AGGRESSIVE;
				CLANG_CXX_LANGUAGE_STANDARD = "gnu++0x";
				CLANG_CXX_LIBRARY = "libc++";
				CLANG_ENABLE_MODULES = YES;
				CLANG_ENABLE_OBJC_ARC = YES;
				CLANG_WARN_BOOL_CONVERSION = YES;
				CLANG_WARN_CONSTANT_CONVERSION = YES;
				CLANG_WARN_DIRECT_OBJC_ISA_USAGE = YES_ERROR;
				CLANG_WARN_DOCUMENTATION_COMMENTS = YES;
				CLANG_WARN_EMPTY_BODY = YES;
				CLANG_WARN_ENUM_CONVERSION = YES;
				CLANG_WARN_INFINITE_RECURSION = YES;
				CLANG_WARN_INT_CONVERSION = YES;
				CLANG_WARN_OBJC_ROOT_CLASS = YES_ERROR;
				CLANG_WARN_SUSPICIOUS_MOVE = YES;
				CLANG_WARN_UNREACHABLE_CODE = YES;
				CLANG_WARN__DUPLICATE_METHOD_MATCH = YES;
				"CODE_SIGN_IDENTITY[sdk=iphoneos*]" = "iPhone Developer";
				COPY_PHASE_STRIP = NO;
				DEBUG_INFORMATION_FORMAT = "dwarf-with-dsym";
				ENABLE_NS_ASSERTIONS = NO;
				ENABLE_STRICT_OBJC_MSGSEND = YES;
				GCC_C_LANGUAGE_STANDARD = gnu99;
				GCC_NO_COMMON_BLOCKS = YES;
				GCC_WARN_64_TO_32_BIT_CONVERSION = YES;
				GCC_WARN_ABOUT_RETURN_TYPE = YES_ERROR;
				GCC_WARN_UNDECLARED_SELECTOR = YES;
				GCC_WARN_UNINITIALIZED_AUTOS = YES_AGGRESSIVE;
				GCC_WARN_UNUSED_FUNCTION = YES;
				GCC_WARN_UNUSED_VARIABLE = YES;
				IPHONEOS_DEPLOYMENT_TARGET = 10.3;
				MTL_ENABLE_DEBUG_INFO = NO;
				SDKROOT = iphoneos;
				SWIFT_OPTIMIZATION_LEVEL = "-Owholemodule";
				TARGETED_DEVICE_FAMILY = "1,2";
				VALIDATE_PRODUCT = YES;
			};
			name = Release;
		};
		F2DFB5161F7167DF00F1B67D /* Debug */ = {
			isa = XCBuildConfiguration;
			buildSettings = {
				ASSETCATALOG_COMPILER_APPICON_NAME = AppIcon;
				DEVELOPMENT_TEAM = PRM8PEPW8J;
				INFOPLIST_FILE = "Dice game/Info.plist";
				LD_RUNPATH_SEARCH_PATHS = "$(inherited) @executable_path/Frameworks";
				PRODUCT_BUNDLE_IDENTIFIER = "com.Dice-game";
				PRODUCT_NAME = "$(TARGET_NAME)";
				SWIFT_VERSION = 3.0;
			};
			name = Debug;
		};
		F2DFB5171F7167DF00F1B67D /* Release */ = {
			isa = XCBuildConfiguration;
			buildSettings = {
				ASSETCATALOG_COMPILER_APPICON_NAME = AppIcon;
				DEVELOPMENT_TEAM = PRM8PEPW8J;
				INFOPLIST_FILE = "Dice game/Info.plist";
				LD_RUNPATH_SEARCH_PATHS = "$(inherited) @executable_path/Frameworks";
				PRODUCT_BUNDLE_IDENTIFIER = "com.Dice-game";
				PRODUCT_NAME = "$(TARGET_NAME)";
				SWIFT_VERSION = 3.0;
			};
			name = Release;
		};
/* End XCBuildConfiguration section */

/* Begin XCConfigurationList section */
		F2DFB4FE1F7167DF00F1B67D /* Build configuration list for PBXProject "Dice game" */ = {
			isa = XCConfigurationList;
			buildConfigurations = (
				F2DFB5131F7167DF00F1B67D /* Debug */,
				F2DFB5141F7167DF00F1B67D /* Release */,
			);
			defaultConfigurationIsVisible = 0;
			defaultConfigurationName = Release;
		};
		F2DFB5151F7167DF00F1B67D /* Build configuration list for PBXNativeTarget "Dice game" */ = {
			isa = XCConfigurationList;
			buildConfigurations = (
				F2DFB5161F7167DF00F1B67D /* Debug */,
				F2DFB5171F7167DF00F1B67D /* Release */,
			);
			defaultConfigurationIsVisible = 0;
		};
/* End XCConfigurationList section */
	};
	rootObject = F2DFB4FB1F7167DF00F1B67D /* Project object */;
}
